{
  "version": 4,
  "terraform_version": "1.1.2",
  "serial": 3,
  "lineage": "f4dc6f97-c7e5-9281-aa49-38da32551c3f",
  "outputs": {
    "name": {
      "value": {
        "arn": "arn:aws:iam::093664358391:policy/dev-policy",
        "description": "",
        "id": "arn:aws:iam::093664358391:policy/dev-policy",
        "name": "dev-policy",
        "name_prefix": null,
        "path": "/",
        "policy": "{\"Statement\":[{\"Action\":\"s3:PutObject\",\"Effect\":\"Allow\",\"Resource\":\"arn:aws:s3:::dev-env/*\",\"Sid\":\"VisualEditor0\"}],\"Version\":\"2012-10-17\"}",
        "policy_id": "ANPARLTWUV735AUNBD7EE",
        "tags": null,
        "tags_all": {}
      },
      "type": [
        "object",
        {
          "arn": "string",
          "description": "string",
          "id": "string",
          "name": "string",
          "name_prefix": "string",
          "path": "string",
          "policy": "string",
          "policy_id": "string",
          "tags": [
            "map",
            "string"
          ],
          "tags_all": [
            "map",
            "string"
          ]
        }
      ]
    }
  },
  "resources": [
    {
      "mode": "managed",
      "type": "aws_iam_policy",
      "name": "mypolicy",
      "provider": "provider[\"registry.terraform.io/hashicorp/aws\"]",
      "instances": [
        {
          "schema_version": 0,
          "attributes": {
            "arn": "arn:aws:iam::093664358391:policy/dev-policy",
            "description": "",
            "id": "arn:aws:iam::093664358391:policy/dev-policy",
            "name": "dev-policy",
            "name_prefix": null,
            "path": "/",
            "policy": "{\"Statement\":[{\"Action\":\"s3:PutObject\",\"Effect\":\"Allow\",\"Resource\":\"arn:aws:s3:::dev-env/*\",\"Sid\":\"VisualEditor0\"}],\"Version\":\"2012-10-17\"}",
            "policy_id": "ANPARLTWUV735AUNBD7EE",
            "tags": null,
            "tags_all": {}
          },
          "sensitive_attributes": [],
          "private": "bnVsbA=="
        }
      ]
    }
  ]
}
